
Microsoft Visual Studio Solution File, Format Version 12.00
# Visual Studio Version 16
VisualStudioVersion = 16.0.30503.244
MinimumVisualStudioVersion = 10.0.40219.1
Project("{F184B08F-C81C-45F6-A57F-5ABD9991F28F}") = "FrameLauncher", "FrameLauncher\FrameLauncher.vbproj", "{626FE385-E351-482E-9E13-F8B11060710E}"
EndProject
Project("{2150E333-8FDC-42A3-9474-1A3956D46DE8}") = "Solution Items", "Solution Items", "{0C184FBD-5D7D-4045-A516-C797B744CE8E}"
	ProjectSection(SolutionItems) = preProject
		.editorconfig = .editorconfig
	EndProjectSection
EndProject
Global
	GlobalSection(SolutionConfigurationPlatforms) = preSolution
		Debug|Any CPU = Debug|Any CPU
		Release|Any CPU = Release|Any CPU
	EndGlobalSection
	GlobalSection(ProjectConfigurationPlatforms) = postSolution
		{626FE385-E351-482E-9E13-F8B11060710E}.Debug|Any CPU.ActiveCfg = Debug|Any CPU
		{626FE385-E351-482E-9E13-F8B11060710E}.Debug|Any CPU.Build.0 = Debug|Any CPU
		{626FE385-E351-482E-9E13-F8B11060710E}.Release|Any CPU.ActiveCfg = Release|Any CPU
		{626FE385-E351-482E-9E13-F8B11060710E}.Release|Any CPU.Build.0 = Release|Any CPU
	EndGlobalSection
	GlobalSection(SolutionProperties) = preSolution
		HideSolutionNode = FALSE
	EndGlobalSection
	GlobalSection(ExtensibilityGlobals) = postSolution
		SolutionGuid = {46180E7E-BD9B-4681-9896-9EF666F380A7}
	EndGlobalSection
EndGlobal
